
Microsoft Visual Studio Solution File, Format Version 12.00
# Visual Studio Version 16
VisualStudioVersion = 16.0.30717.126
MinimumVisualStudioVersion = 10.0.40219.1
Project("{8BC9CEB8-8B4A-11D0-8D11-00A0C91BC942}") = "Sandbox", "Sandbox\Sandbox.vcxproj", "{DC08D297-736A-457C-A8DA-EDD66945E15A}"
EndProject
Project("{8BC9CEB8-8B4A-11D0-8D11-00A0C91BC942}") = "Hazel", "Hazel\Hazel.vcxproj", "{31521047-3375-4A45-BC9A-14E1CC198D9E}"
EndProject
Global
	GlobalSection(SolutionConfigurationPlatforms) = preSolution
		Debug|x64 = Debug|x64
		Release|x64 = Release|x64
	EndGlobalSection
	GlobalSection(ProjectConfigurationPlatforms) = postSolution
		{31521047-3375-4A45-BC9A-14E1CC198D9E}.Debug|x64.ActiveCfg = Debug|x64
		{31521047-3375-4A45-BC9A-14E1CC198D9E}.Debug|x64.Build.0 = Debug|x64
		{31521047-3375-4A45-BC9A-14E1CC198D9E}.Release|x64.ActiveCfg = Release|x64
		{31521047-3375-4A45-BC9A-14E1CC198D9E}.Release|x64.Build.0 = Release|x64
		{DC08D297-736A-457C-A8DA-EDD66945E15A}.Debug|x64.ActiveCfg = Debug|x64
		{DC08D297-736A-457C-A8DA-EDD66945E15A}.Debug|x64.Build.0 = Debug|x64
		{DC08D297-736A-457C-A8DA-EDD66945E15A}.Release|x64.ActiveCfg = Release|x64
		{DC08D297-736A-457C-A8DA-EDD66945E15A}.Release|x64.Build.0 = Release|x64
	EndGlobalSection
	GlobalSection(SolutionProperties) = preSolution
		HideSolutionNode = FALSE
	EndGlobalSection
	GlobalSection(ExtensibilityGlobals) = postSolution
		SolutionGuid = {D0265818-6B0E-4CB8-BC38-341FF96E8FA0}
	EndGlobalSection
EndGlobal
